
Microsoft Visual Studio Solution File, Format Version 12.00
# Visual Studio Version 16
VisualStudioVersion = 16.0.31410.357
MinimumVisualStudioVersion = 10.0.40219.1
Project("{FAE04EC0-301F-11D3-BF4B-00C04F79EFBC}") = "SilnaSpójność1", "GIS_Gogacz_Zawadzki_Wierciński\SilnaSpójność1.csproj", "{10F39044-8E6E-4F1E-B9FA-90FDC0C54CDF}"
EndProject
Global
	GlobalSection(SolutionConfigurationPlatforms) = preSolution
		Debug|Any CPU = Debug|Any CPU
		Release|Any CPU = Release|Any CPU
	EndGlobalSection
	GlobalSection(ProjectConfigurationPlatforms) = postSolution
		{10F39044-8E6E-4F1E-B9FA-90FDC0C54CDF}.Debug|Any CPU.ActiveCfg = Debug|Any CPU
		{10F39044-8E6E-4F1E-B9FA-90FDC0C54CDF}.Debug|Any CPU.Build.0 = Debug|Any CPU
		{10F39044-8E6E-4F1E-B9FA-90FDC0C54CDF}.Release|Any CPU.ActiveCfg = Release|Any CPU
		{10F39044-8E6E-4F1E-B9FA-90FDC0C54CDF}.Release|Any CPU.Build.0 = Release|Any CPU
	EndGlobalSection
	GlobalSection(SolutionProperties) = preSolution
		HideSolutionNode = FALSE
	EndGlobalSection
	GlobalSection(ExtensibilityGlobals) = postSolution
		SolutionGuid = {F9C47F9D-76BE-48AD-BFCB-4ED015BEA279}
	EndGlobalSection
EndGlobal
